
Microsoft Visual Studio Solution File, Format Version 12.00
# Visual Studio Version 16
VisualStudioVersion = 16.0.810.23
MinimumVisualStudioVersion = 10.0.40219.1
Project("{FAE04EC0-301F-11D3-BF4B-00C04F79EFBC}") = "Calculator_API", "Calculator_API\Calculator_API.csproj", "{219D1D92-65F7-4791-8C5B-7A92C3343DD8}"
EndProject
Project("{FAE04EC0-301F-11D3-BF4B-00C04F79EFBC}") = "Calculator_Logic", "Calculator_Logic\Calculator_Logic.csproj", "{DB894C04-EABD-4FA0-B5D3-F39F5A46E6FC}"
EndProject
Project("{FAE04EC0-301F-11D3-BF4B-00C04F79EFBC}") = "Calculator_Test", "Calculator_Test\Calculator_Test.csproj", "{B51C2462-4320-4E3E-850B-781F443F4634}"
EndProject
Global
	GlobalSection(SolutionConfigurationPlatforms) = preSolution
		Debug|Any CPU = Debug|Any CPU
		Release|Any CPU = Release|Any CPU
	EndGlobalSection
	GlobalSection(ProjectConfigurationPlatforms) = postSolution
		{219D1D92-65F7-4791-8C5B-7A92C3343DD8}.Debug|Any CPU.ActiveCfg = Debug|Any CPU
		{219D1D92-65F7-4791-8C5B-7A92C3343DD8}.Debug|Any CPU.Build.0 = Debug|Any CPU
		{219D1D92-65F7-4791-8C5B-7A92C3343DD8}.Release|Any CPU.ActiveCfg = Release|Any CPU
		{219D1D92-65F7-4791-8C5B-7A92C3343DD8}.Release|Any CPU.Build.0 = Release|Any CPU
		{DB894C04-EABD-4FA0-B5D3-F39F5A46E6FC}.Debug|Any CPU.ActiveCfg = Debug|Any CPU
		{DB894C04-EABD-4FA0-B5D3-F39F5A46E6FC}.Debug|Any CPU.Build.0 = Debug|Any CPU
		{DB894C04-EABD-4FA0-B5D3-F39F5A46E6FC}.Release|Any CPU.ActiveCfg = Release|Any CPU
		{DB894C04-EABD-4FA0-B5D3-F39F5A46E6FC}.Release|Any CPU.Build.0 = Release|Any CPU
		{B51C2462-4320-4E3E-850B-781F443F4634}.Debug|Any CPU.ActiveCfg = Debug|Any CPU
		{B51C2462-4320-4E3E-850B-781F443F4634}.Debug|Any CPU.Build.0 = Debug|Any CPU
		{B51C2462-4320-4E3E-850B-781F443F4634}.Release|Any CPU.ActiveCfg = Release|Any CPU
		{B51C2462-4320-4E3E-850B-781F443F4634}.Release|Any CPU.Build.0 = Release|Any CPU
	EndGlobalSection
	GlobalSection(SolutionProperties) = preSolution
		HideSolutionNode = FALSE
	EndGlobalSection
	GlobalSection(ExtensibilityGlobals) = postSolution
		SolutionGuid = {2AB6579D-4EDA-4437-AF10-AB358BCDD4D5}
	EndGlobalSection
EndGlobal
